
Microsoft Visual Studio Solution File, Format Version 12.00
# Visual Studio Version 16
VisualStudioVersion = 16.0.28803.202
MinimumVisualStudioVersion = 10.0.40219.1
Project("{FAE04EC0-301F-11D3-BF4B-00C04F79EFBC}") = "Classes", "Classes\Classes.csproj", "{C858AB02-55A4-4F5A-950F-6F403912777F}"
EndProject
Project("{FAE04EC0-301F-11D3-BF4B-00C04F79EFBC}") = "VSTestCases", "VSTestCases\VSTestCases.csproj", "{4B32BDCB-7A3F-455C-86C0-FB9AC945E08C}"
EndProject
Project("{FAE04EC0-301F-11D3-BF4B-00C04F79EFBC}") = "NUnitTestCases", "NUnitTestCases\NUnitTestCases.csproj", "{AE1C5BDB-E071-4953-8ECC-123A0E296B24}"
EndProject
Project("{FAE04EC0-301F-11D3-BF4B-00C04F79EFBC}") = "SimpleStubsTestCases", "SimpleStubsTestCases\SimpleStubsTestCases.csproj", "{60A8001C-9253-4E6B-8B67-83EE6840B15A}"
EndProject
Project("{FAE04EC0-301F-11D3-BF4B-00C04F79EFBC}") = "NoFrameworkTestCases", "NoFrameworkTestCases\NoFrameworkTestCases.csproj", "{9EDC35D0-82E1-4C6F-8D5E-A2F1F3177C83}"
EndProject
Project("{FAE04EC0-301F-11D3-BF4B-00C04F79EFBC}") = "NUnitUwpTestCases", "NUnitUwpTestCases\NUnitUwpTestCases.csproj", "{54446DDB-6661-43D8-B02C-FA4081D4EFE3}"
EndProject
Project("{FAE04EC0-301F-11D3-BF4B-00C04F79EFBC}") = "AutoMoqTestCases", "AutoMoqTestCases\AutoMoqTestCases.csproj", "{CF35042F-B6DB-42B2-96E8-46FA5F114B9E}"
EndProject
Project("{9A19103F-16F7-4668-BE54-9A1E7A4F7556}") = "NetCoreAutoMoqTestCases", "NetCoreAutoMoqTestCases\NetCoreAutoMoqTestCases.csproj", "{7DBE3A6A-185E-4D41-B691-B3080B9A861B}"
EndProject
Project("{9A19103F-16F7-4668-BE54-9A1E7A4F7556}") = "NetCoreMoqTestCases", "NetCoreMoqTestCases\NetCoreMoqTestCases.csproj", "{9616DAE5-5261-410B-93C0-4BD634761B41}"
EndProject
Project("{9A19103F-16F7-4668-BE54-9A1E7A4F7556}") = "NetCoreNSubstituteTestCases", "NetCoreNSubstituteTestCases\NetCoreNSubstituteTestCases.csproj", "{0E09FB68-F641-4C23-A78B-414830E0534B}"
EndProject
Project("{9A19103F-16F7-4668-BE54-9A1E7A4F7556}") = "NetCoreNUnitTestCases", "NetCoreNUnitTestCases\NetCoreNUnitTestCases.csproj", "{F184832F-B845-4311-A1F8-560B695C9BD7}"
EndProject
Project("{9A19103F-16F7-4668-BE54-9A1E7A4F7556}") = "NetCoreSimpleStubsTestCases", "NetCoreSimpleStubsTestCases\NetCoreSimpleStubsTestCases.csproj", "{E3A552AA-B002-4EF7-80E5-64910A040D03}"
EndProject
Project("{FAE04EC0-301F-11D3-BF4B-00C04F79EFBC}") = "NSubstituteTestCases", "NSubstituteTestCases\NSubstituteTestCases.csproj", "{ADB2B56B-09D3-4415-BA1D-B8CBDA659A42}"
EndProject
Project("{9A19103F-16F7-4668-BE54-9A1E7A4F7556}") = "XUnitMoqTestCases", "XUnitMoqTestCases\XUnitMoqTestCases.csproj", "{EE778747-7E11-4251-A17D-57DD13B94270}"
EndProject
Project("{FAE04EC0-301F-11D3-BF4B-00C04F79EFBC}") = "VSRhinoMocksTestCases", "VSRhinoMocksTestCases\VSRhinoMocksTestCases.csproj", "{356F3A4B-2177-479B-9531-F2F76BDBFA3B}"
EndProject
Project("{9A19103F-16F7-4668-BE54-9A1E7A4F7556}") = "NetCoreVSRhinoMocksTestCases", "NetCoreVSRhinoMocksTestCases\NetCoreVSRhinoMocksTestCases.csproj", "{848D0C48-22BE-4555-8DA5-282CB87E9BD0}"
EndProject
Project("{FAE04EC0-301F-11D3-BF4B-00C04F79EFBC}") = "MultipleFrameworkTestCases", "MultipleFrameworkTestCases\MultipleFrameworkTestCases.csproj", "{FCEC9C55-9E6E-410D-A2AC-0ADA4979AE2F}"
EndProject
Project("{00D1A9C2-B5F0-4AF3-8072-F6C62B433612}") = "SqlDatabaseTestCases", "SqlDatabaseTestCases\SqlDatabaseTestCases.sqlproj", "{9F0BBCE3-D893-43A4-9FB8-10A2B9E337C5}"
EndProject
Project("{FAE04EC0-301F-11D3-BF4B-00C04F79EFBC}") = "FakeItEasyTestCases", "FakeItEasyTestCases\FakeItEasyTestCases.csproj", "{EF1B5A74-5868-4560-87CE-A2824BEA5B0B}"
EndProject
Global
	GlobalSection(SolutionConfigurationPlatforms) = preSolution
		Debug|Any CPU = Debug|Any CPU
		Debug|ARM = Debug|ARM
		Debug|x64 = Debug|x64
		Debug|x86 = Debug|x86
		Release|Any CPU = Release|Any CPU
		Release|ARM = Release|ARM
		Release|x64 = Release|x64
		Release|x86 = Release|x86
	EndGlobalSection
	GlobalSection(ProjectConfigurationPlatforms) = postSolution
		{C858AB02-55A4-4F5A-950F-6F403912777F}.Debug|Any CPU.ActiveCfg = Debug|Any CPU
		{C858AB02-55A4-4F5A-950F-6F403912777F}.Debug|Any CPU.Build.0 = Debug|Any CPU
		{C858AB02-55A4-4F5A-950F-6F403912777F}.Debug|ARM.ActiveCfg = Debug|Any CPU
		{C858AB02-55A4-4F5A-950F-6F403912777F}.Debug|ARM.Build.0 = Debug|Any CPU
		{C858AB02-55A4-4F5A-950F-6F403912777F}.Debug|x64.ActiveCfg = Debug|Any CPU
		{C858AB02-55A4-4F5A-950F-6F403912777F}.Debug|x64.Build.0 = Debug|Any CPU
		{C858AB02-55A4-4F5A-950F-6F403912777F}.Debug|x86.ActiveCfg = Debug|Any CPU
		{C858AB02-55A4-4F5A-950F-6F403912777F}.Debug|x86.Build.0 = Debug|Any CPU
		{C858AB02-55A4-4F5A-950F-6F403912777F}.Release|Any CPU.ActiveCfg = Release|Any CPU
		{C858AB02-55A4-4F5A-950F-6F403912777F}.Release|Any CPU.Build.0 = Release|Any CPU
		{C858AB02-55A4-4F5A-950F-6F403912777F}.Release|ARM.ActiveCfg = Release|Any CPU
		{C858AB02-55A4-4F5A-950F-6F403912777F}.Release|ARM.Build.0 = Release|Any CPU
		{C858AB02-55A4-4F5A-950F-6F403912777F}.Release|x64.ActiveCfg = Release|Any CPU
		{C858AB02-55A4-4F5A-950F-6F403912777F}.Release|x64.Build.0 = Release|Any CPU
		{C858AB02-55A4-4F5A-950F-6F403912777F}.Release|x86.ActiveCfg = Release|Any CPU
		{C858AB02-55A4-4F5A-950F-6F403912777F}.Release|x86.Build.0 = Release|Any CPU
		{4B32BDCB-7A3F-455C-86C0-FB9AC945E08C}.Debug|Any CPU.ActiveCfg = Debug|Any CPU
		{4B32BDCB-7A3F-455C-86C0-FB9AC945E08C}.Debug|Any CPU.Build.0 = Debug|Any CPU
		{4B32BDCB-7A3F-455C-86C0-FB9AC945E08C}.Debug|ARM.ActiveCfg = Debug|Any CPU
		{4B32BDCB-7A3F-455C-86C0-FB9AC945E08C}.Debug|ARM.Build.0 = Debug|Any CPU
		{4B32BDCB-7A3F-455C-86C0-FB9AC945E08C}.Debug|x64.ActiveCfg = Debug|Any CPU
		{4B32BDCB-7A3F-455C-86C0-FB9AC945E08C}.Debug|x64.Build.0 = Debug|Any CPU
		{4B32BDCB-7A3F-455C-86C0-FB9AC945E08C}.Debug|x86.ActiveCfg = Debug|Any CPU
		{4B32BDCB-7A3F-455C-86C0-FB9AC945E08C}.Debug|x86.Build.0 = Debug|Any CPU
		{4B32BDCB-7A3F-455C-86C0-FB9AC945E08C}.Release|Any CPU.ActiveCfg = Release|Any CPU
		{4B32BDCB-7A3F-455C-86C0-FB9AC945E08C}.Release|Any CPU.Build.0 = Release|Any CPU
		{4B32BDCB-7A3F-455C-86C0-FB9AC945E08C}.Release|ARM.ActiveCfg = Release|Any CPU
		{4B32BDCB-7A3F-455C-86C0-FB9AC945E08C}.Release|ARM.Build.0 = Release|Any CPU
		{4B32BDCB-7A3F-455C-86C0-FB9AC945E08C}.Release|x64.ActiveCfg = Release|Any CPU
		{4B32BDCB-7A3F-455C-86C0-FB9AC945E08C}.Release|x64.Build.0 = Release|Any CPU
		{4B32BDCB-7A3F-455C-86C0-FB9AC945E08C}.Release|x86.ActiveCfg = Release|Any CPU
		{4B32BDCB-7A3F-455C-86C0-FB9AC945E08C}.Release|x86.Build.0 = Release|Any CPU
		{AE1C5BDB-E071-4953-8ECC-123A0E296B24}.Debug|Any CPU.ActiveCfg = Debug|Any CPU
		{AE1C5BDB-E071-4953-8ECC-123A0E296B24}.Debug|Any CPU.Build.0 = Debug|Any CPU
		{AE1C5BDB-E071-4953-8ECC-123A0E296B24}.Debug|ARM.ActiveCfg = Debug|Any CPU
		{AE1C5BDB-E071-4953-8ECC-123A0E296B24}.Debug|ARM.Build.0 = Debug|Any CPU
		{AE1C5BDB-E071-4953-8ECC-123A0E296B24}.Debug|x64.ActiveCfg = Debug|Any CPU
		{AE1C5BDB-E071-4953-8ECC-123A0E296B24}.Debug|x64.Build.0 = Debug|Any CPU
		{AE1C5BDB-E071-4953-8ECC-123A0E296B24}.Debug|x86.ActiveCfg = Debug|Any CPU
		{AE1C5BDB-E071-4953-8ECC-123A0E296B24}.Debug|x86.Build.0 = Debug|Any CPU
		{AE1C5BDB-E071-4953-8ECC-123A0E296B24}.Release|Any CPU.ActiveCfg = Release|Any CPU
		{AE1C5BDB-E071-4953-8ECC-123A0E296B24}.Release|Any CPU.Build.0 = Release|Any CPU
		{AE1C5BDB-E071-4953-8ECC-123A0E296B24}.Release|ARM.ActiveCfg = Release|Any CPU
		{AE1C5BDB-E071-4953-8ECC-123A0E296B24}.Release|ARM.Build.0 = Release|Any CPU
		{AE1C5BDB-E071-4953-8ECC-123A0E296B24}.Release|x64.ActiveCfg = Release|Any CPU
		{AE1C5BDB-E071-4953-8ECC-123A0E296B24}.Release|x64.Build.0 = Release|Any CPU
		{AE1C5BDB-E071-4953-8ECC-123A0E296B24}.Release|x86.ActiveCfg = Release|Any CPU
		{AE1C5BDB-E071-4953-8ECC-123A0E296B24}.Release|x86.Build.0 = Release|Any CPU
		{60A8001C-9253-4E6B-8B67-83EE6840B15A}.Debug|Any CPU.ActiveCfg = Debug|Any CPU
		{60A8001C-9253-4E6B-8B67-83EE6840B15A}.Debug|Any CPU.Build.0 = Debug|Any CPU
		{60A8001C-9253-4E6B-8B67-83EE6840B15A}.Debug|ARM.ActiveCfg = Debug|Any CPU
		{60A8001C-9253-4E6B-8B67-83EE6840B15A}.Debug|ARM.Build.0 = Debug|Any CPU
		{60A8001C-9253-4E6B-8B67-83EE6840B15A}.Debug|x64.ActiveCfg = Debug|Any CPU
		{60A8001C-9253-4E6B-8B67-83EE6840B15A}.Debug|x64.Build.0 = Debug|Any CPU
		{60A8001C-9253-4E6B-8B67-83EE6840B15A}.Debug|x86.ActiveCfg = Debug|Any CPU
		{60A8001C-9253-4E6B-8B67-83EE6840B15A}.Debug|x86.Build.0 = Debug|Any CPU
		{60A8001C-9253-4E6B-8B67-83EE6840B15A}.Release|Any CPU.ActiveCfg = Release|Any CPU
		{60A8001C-9253-4E6B-8B67-83EE6840B15A}.Release|Any CPU.Build.0 = Release|Any CPU
		{60A8001C-9253-4E6B-8B67-83EE6840B15A}.Release|ARM.ActiveCfg = Release|Any CPU
		{60A8001C-9253-4E6B-8B67-83EE6840B15A}.Release|ARM.Build.0 = Release|Any CPU
		{60A8001C-9253-4E6B-8B67-83EE6840B15A}.Release|x64.ActiveCfg = Release|Any CPU
		{60A8001C-9253-4E6B-8B67-83EE6840B15A}.Release|x64.Build.0 = Release|Any CPU
		{60A8001C-9253-4E6B-8B67-83EE6840B15A}.Release|x86.ActiveCfg = Release|Any CPU
		{60A8001C-9253-4E6B-8B67-83EE6840B15A}.Release|x86.Build.0 = Release|Any CPU
		{9EDC35D0-82E1-4C6F-8D5E-A2F1F3177C83}.Debug|Any CPU.ActiveCfg = Debug|Any CPU
		{9EDC35D0-82E1-4C6F-8D5E-A2F1F3177C83}.Debug|Any CPU.Build.0 = Debug|Any CPU
		{9EDC35D0-82E1-4C6F-8D5E-A2F1F3177C83}.Debug|ARM.ActiveCfg = Debug|Any CPU
		{9EDC35D0-82E1-4C6F-8D5E-A2F1F3177C83}.Debug|ARM.Build.0 = Debug|Any CPU
		{9EDC35D0-82E1-4C6F-8D5E-A2F1F3177C83}.Debug|x64.ActiveCfg = Debug|Any CPU
		{9EDC35D0-82E1-4C6F-8D5E-A2F1F3177C83}.Debug|x64.Build.0 = Debug|Any CPU
		{9EDC35D0-82E1-4C6F-8D5E-A2F1F3177C83}.Debug|x86.ActiveCfg = Debug|Any CPU
		{9EDC35D0-82E1-4C6F-8D5E-A2F1F3177C83}.Debug|x86.Build.0 = Debug|Any CPU
		{9EDC35D0-82E1-4C6F-8D5E-A2F1F3177C83}.Release|Any CPU.ActiveCfg = Release|Any CPU
		{9EDC35D0-82E1-4C6F-8D5E-A2F1F3177C83}.Release|Any CPU.Build.0 = Release|Any CPU
		{9EDC35D0-82E1-4C6F-8D5E-A2F1F3177C83}.Release|ARM.ActiveCfg = Release|Any CPU
		{9EDC35D0-82E1-4C6F-8D5E-A2F1F3177C83}.Release|ARM.Build.0 = Release|Any CPU
		{9EDC35D0-82E1-4C6F-8D5E-A2F1F3177C83}.Release|x64.ActiveCfg = Release|Any CPU
		{9EDC35D0-82E1-4C6F-8D5E-A2F1F3177C83}.Release|x64.Build.0 = Release|Any CPU
		{9EDC35D0-82E1-4C6F-8D5E-A2F1F3177C83}.Release|x86.ActiveCfg = Release|Any CPU
		{9EDC35D0-82E1-4C6F-8D5E-A2F1F3177C83}.Release|x86.Build.0 = Release|Any CPU
		{54446DDB-6661-43D8-B02C-FA4081D4EFE3}.Debug|Any CPU.ActiveCfg = Debug|Any CPU
		{54446DDB-6661-43D8-B02C-FA4081D4EFE3}.Debug|Any CPU.Build.0 = Debug|Any CPU
		{54446DDB-6661-43D8-B02C-FA4081D4EFE3}.Debug|ARM.ActiveCfg = Debug|ARM
		{54446DDB-6661-43D8-B02C-FA4081D4EFE3}.Debug|ARM.Build.0 = Debug|ARM
		{54446DDB-6661-43D8-B02C-FA4081D4EFE3}.Debug|x64.ActiveCfg = Debug|x64
		{54446DDB-6661-43D8-B02C-FA4081D4EFE3}.Debug|x64.Build.0 = Debug|x64
		{54446DDB-6661-43D8-B02C-FA4081D4EFE3}.Debug|x86.ActiveCfg = Debug|x86
		{54446DDB-6661-43D8-B02C-FA4081D4EFE3}.Debug|x86.Build.0 = Debug|x86
		{54446DDB-6661-43D8-B02C-FA4081D4EFE3}.Release|Any CPU.ActiveCfg = Release|Any CPU
		{54446DDB-6661-43D8-B02C-FA4081D4EFE3}.Release|Any CPU.Build.0 = Release|Any CPU
		{54446DDB-6661-43D8-B02C-FA4081D4EFE3}.Release|ARM.ActiveCfg = Release|ARM
		{54446DDB-6661-43D8-B02C-FA4081D4EFE3}.Release|ARM.Build.0 = Release|ARM
		{54446DDB-6661-43D8-B02C-FA4081D4EFE3}.Release|x64.ActiveCfg = Release|x64
		{54446DDB-6661-43D8-B02C-FA4081D4EFE3}.Release|x64.Build.0 = Release|x64
		{54446DDB-6661-43D8-B02C-FA4081D4EFE3}.Release|x86.ActiveCfg = Release|x86
		{54446DDB-6661-43D8-B02C-FA4081D4EFE3}.Release|x86.Build.0 = Release|x86
		{CF35042F-B6DB-42B2-96E8-46FA5F114B9E}.Debug|Any CPU.ActiveCfg = Debug|Any CPU
		{CF35042F-B6DB-42B2-96E8-46FA5F114B9E}.Debug|Any CPU.Build.0 = Debug|Any CPU
		{CF35042F-B6DB-42B2-96E8-46FA5F114B9E}.Debug|ARM.ActiveCfg = Debug|Any CPU
		{CF35042F-B6DB-42B2-96E8-46FA5F114B9E}.Debug|ARM.Build.0 = Debug|Any CPU
		{CF35042F-B6DB-42B2-96E8-46FA5F114B9E}.Debug|x64.ActiveCfg = Debug|Any CPU
		{CF35042F-B6DB-42B2-96E8-46FA5F114B9E}.Debug|x64.Build.0 = Debug|Any CPU
		{CF35042F-B6DB-42B2-96E8-46FA5F114B9E}.Debug|x86.ActiveCfg = Debug|Any CPU
		{CF35042F-B6DB-42B2-96E8-46FA5F114B9E}.Debug|x86.Build.0 = Debug|Any CPU
		{CF35042F-B6DB-42B2-96E8-46FA5F114B9E}.Release|Any CPU.ActiveCfg = Release|Any CPU
		{CF35042F-B6DB-42B2-96E8-46FA5F114B9E}.Release|Any CPU.Build.0 = Release|Any CPU
		{CF35042F-B6DB-42B2-96E8-46FA5F114B9E}.Release|ARM.ActiveCfg = Release|Any CPU
		{CF35042F-B6DB-42B2-96E8-46FA5F114B9E}.Release|ARM.Build.0 = Release|Any CPU
		{CF35042F-B6DB-42B2-96E8-46FA5F114B9E}.Release|x64.ActiveCfg = Release|Any CPU
		{CF35042F-B6DB-42B2-96E8-46FA5F114B9E}.Release|x64.Build.0 = Release|Any CPU
		{CF35042F-B6DB-42B2-96E8-46FA5F114B9E}.Release|x86.ActiveCfg = Release|Any CPU
		{CF35042F-B6DB-42B2-96E8-46FA5F114B9E}.Release|x86.Build.0 = Release|Any CPU
		{7DBE3A6A-185E-4D41-B691-B3080B9A861B}.Debug|Any CPU.ActiveCfg = Debug|Any CPU
		{7DBE3A6A-185E-4D41-B691-B3080B9A861B}.Debug|Any CPU.Build.0 = Debug|Any CPU
		{7DBE3A6A-185E-4D41-B691-B3080B9A861B}.Debug|ARM.ActiveCfg = Debug|Any CPU
		{7DBE3A6A-185E-4D41-B691-B3080B9A861B}.Debug|ARM.Build.0 = Debug|Any CPU
		{7DBE3A6A-185E-4D41-B691-B3080B9A861B}.Debug|x64.ActiveCfg = Debug|Any CPU
		{7DBE3A6A-185E-4D41-B691-B3080B9A861B}.Debug|x64.Build.0 = Debug|Any CPU
		{7DBE3A6A-185E-4D41-B691-B3080B9A861B}.Debug|x86.ActiveCfg = Debug|Any CPU
		{7DBE3A6A-185E-4D41-B691-B3080B9A861B}.Debug|x86.Build.0 = Debug|Any CPU
		{7DBE3A6A-185E-4D41-B691-B3080B9A861B}.Release|Any CPU.ActiveCfg = Release|Any CPU
		{7DBE3A6A-185E-4D41-B691-B3080B9A861B}.Release|Any CPU.Build.0 = Release|Any CPU
		{7DBE3A6A-185E-4D41-B691-B3080B9A861B}.Release|ARM.ActiveCfg = Release|Any CPU
		{7DBE3A6A-185E-4D41-B691-B3080B9A861B}.Release|ARM.Build.0 = Release|Any CPU
		{7DBE3A6A-185E-4D41-B691-B3080B9A861B}.Release|x64.ActiveCfg = Release|Any CPU
		{7DBE3A6A-185E-4D41-B691-B3080B9A861B}.Release|x64.Build.0 = Release|Any CPU
		{7DBE3A6A-185E-4D41-B691-B3080B9A861B}.Release|x86.ActiveCfg = Release|Any CPU
		{7DBE3A6A-185E-4D41-B691-B3080B9A861B}.Release|x86.Build.0 = Release|Any CPU
		{9616DAE5-5261-410B-93C0-4BD634761B41}.Debug|Any CPU.ActiveCfg = Debug|Any CPU
		{9616DAE5-5261-410B-93C0-4BD634761B41}.Debug|Any CPU.Build.0 = Debug|Any CPU
		{9616DAE5-5261-410B-93C0-4BD634761B41}.Debug|ARM.ActiveCfg = Debug|Any CPU
		{9616DAE5-5261-410B-93C0-4BD634761B41}.Debug|ARM.Build.0 = Debug|Any CPU
		{9616DAE5-5261-410B-93C0-4BD634761B41}.Debug|x64.ActiveCfg = Debug|Any CPU
		{9616DAE5-5261-410B-93C0-4BD634761B41}.Debug|x64.Build.0 = Debug|Any CPU
		{9616DAE5-5261-410B-93C0-4BD634761B41}.Debug|x86.ActiveCfg = Debug|Any CPU
		{9616DAE5-5261-410B-93C0-4BD634761B41}.Debug|x86.Build.0 = Debug|Any CPU
		{9616DAE5-5261-410B-93C0-4BD634761B41}.Release|Any CPU.ActiveCfg = Release|Any CPU
		{9616DAE5-5261-410B-93C0-4BD634761B41}.Release|Any CPU.Build.0 = Release|Any CPU
		{9616DAE5-5261-410B-93C0-4BD634761B41}.Release|ARM.ActiveCfg = Release|Any CPU
		{9616DAE5-5261-410B-93C0-4BD634761B41}.Release|ARM.Build.0 = Release|Any CPU
		{9616DAE5-5261-410B-93C0-4BD634761B41}.Release|x64.ActiveCfg = Release|Any CPU
		{9616DAE5-5261-410B-93C0-4BD634761B41}.Release|x64.Build.0 = Release|Any CPU
		{9616DAE5-5261-410B-93C0-4BD634761B41}.Release|x86.ActiveCfg = Release|Any CPU
		{9616DAE5-5261-410B-93C0-4BD634761B41}.Release|x86.Build.0 = Release|Any CPU
		{0E09FB68-F641-4C23-A78B-414830E0534B}.Debug|Any CPU.ActiveCfg = Debug|Any CPU
		{0E09FB68-F641-4C23-A78B-414830E0534B}.Debug|Any CPU.Build.0 = Debug|Any CPU
		{0E09FB68-F641-4C23-A78B-414830E0534B}.Debug|ARM.ActiveCfg = Debug|Any CPU
		{0E09FB68-F641-4C23-A78B-414830E0534B}.Debug|ARM.Build.0 = Debug|Any CPU
		{0E09FB68-F641-4C23-A78B-414830E0534B}.Debug|x64.ActiveCfg = Debug|Any CPU
		{0E09FB68-F641-4C23-A78B-414830E0534B}.Debug|x64.Build.0 = Debug|Any CPU
		{0E09FB68-F641-4C23-A78B-414830E0534B}.Debug|x86.ActiveCfg = Debug|Any CPU
		{0E09FB68-F641-4C23-A78B-414830E0534B}.Debug|x86.Build.0 = Debug|Any CPU
		{0E09FB68-F641-4C23-A78B-414830E0534B}.Release|Any CPU.ActiveCfg = Release|Any CPU
		{0E09FB68-F641-4C23-A78B-414830E0534B}.Release|Any CPU.Build.0 = Release|Any CPU
		{0E09FB68-F641-4C23-A78B-414830E0534B}.Release|ARM.ActiveCfg = Release|Any CPU
		{0E09FB68-F641-4C23-A78B-414830E0534B}.Release|ARM.Build.0 = Release|Any CPU
		{0E09FB68-F641-4C23-A78B-414830E0534B}.Release|x64.ActiveCfg = Release|Any CPU
		{0E09FB68-F641-4C23-A78B-414830E0534B}.Release|x64.Build.0 = Release|Any CPU
		{0E09FB68-F641-4C23-A78B-414830E0534B}.Release|x86.ActiveCfg = Release|Any CPU
		{0E09FB68-F641-4C23-A78B-414830E0534B}.Release|x86.Build.0 = Release|Any CPU
		{F184832F-B845-4311-A1F8-560B695C9BD7}.Debug|Any CPU.ActiveCfg = Debug|Any CPU
		{F184832F-B845-4311-A1F8-560B695C9BD7}.Debug|Any CPU.Build.0 = Debug|Any CPU
		{F184832F-B845-4311-A1F8-560B695C9BD7}.Debug|ARM.ActiveCfg = Debug|Any CPU
		{F184832F-B845-4311-A1F8-560B695C9BD7}.Debug|ARM.Build.0 = Debug|Any CPU
		{F184832F-B845-4311-A1F8-560B695C9BD7}.Debug|x64.ActiveCfg = Debug|Any CPU
		{F184832F-B845-4311-A1F8-560B695C9BD7}.Debug|x64.Build.0 = Debug|Any CPU
		{F184832F-B845-4311-A1F8-560B695C9BD7}.Debug|x86.ActiveCfg = Debug|Any CPU
		{F184832F-B845-4311-A1F8-560B695C9BD7}.Debug|x86.Build.0 = Debug|Any CPU
		{F184832F-B845-4311-A1F8-560B695C9BD7}.Release|Any CPU.ActiveCfg = Release|Any CPU
		{F184832F-B845-4311-A1F8-560B695C9BD7}.Release|Any CPU.Build.0 = Release|Any CPU
		{F184832F-B845-4311-A1F8-560B695C9BD7}.Release|ARM.ActiveCfg = Release|Any CPU
		{F184832F-B845-4311-A1F8-560B695C9BD7}.Release|ARM.Build.0 = Release|Any CPU
		{F184832F-B845-4311-A1F8-560B695C9BD7}.Release|x64.ActiveCfg = Release|Any CPU
		{F184832F-B845-4311-A1F8-560B695C9BD7}.Release|x64.Build.0 = Release|Any CPU
		{F184832F-B845-4311-A1F8-560B695C9BD7}.Release|x86.ActiveCfg = Release|Any CPU
		{F184832F-B845-4311-A1F8-560B695C9BD7}.Release|x86.Build.0 = Release|Any CPU
		{E3A552AA-B002-4EF7-80E5-64910A040D03}.Debug|Any CPU.ActiveCfg = Debug|Any CPU
		{E3A552AA-B002-4EF7-80E5-64910A040D03}.Debug|Any CPU.Build.0 = Debug|Any CPU
		{E3A552AA-B002-4EF7-80E5-64910A040D03}.Debug|ARM.ActiveCfg = Debug|Any CPU
		{E3A552AA-B002-4EF7-80E5-64910A040D03}.Debug|ARM.Build.0 = Debug|Any CPU
		{E3A552AA-B002-4EF7-80E5-64910A040D03}.Debug|x64.ActiveCfg = Debug|Any CPU
		{E3A552AA-B002-4EF7-80E5-64910A040D03}.Debug|x64.Build.0 = Debug|Any CPU
		{E3A552AA-B002-4EF7-80E5-64910A040D03}.Debug|x86.ActiveCfg = Debug|Any CPU
		{E3A552AA-B002-4EF7-80E5-64910A040D03}.Debug|x86.Build.0 = Debug|Any CPU
		{E3A552AA-B002-4EF7-80E5-64910A040D03}.Release|Any CPU.ActiveCfg = Release|Any CPU
		{E3A552AA-B002-4EF7-80E5-64910A040D03}.Release|Any CPU.Build.0 = Release|Any CPU
		{E3A552AA-B002-4EF7-80E5-64910A040D03}.Release|ARM.ActiveCfg = Release|Any CPU
		{E3A552AA-B002-4EF7-80E5-64910A040D03}.Release|ARM.Build.0 = Release|Any CPU
		{E3A552AA-B002-4EF7-80E5-64910A040D03}.Release|x64.ActiveCfg = Release|Any CPU
		{E3A552AA-B002-4EF7-80E5-64910A040D03}.Release|x64.Build.0 = Release|Any CPU
		{E3A552AA-B002-4EF7-80E5-64910A040D03}.Release|x86.ActiveCfg = Release|Any CPU
		{E3A552AA-B002-4EF7-80E5-64910A040D03}.Release|x86.Build.0 = Release|Any CPU
		{ADB2B56B-09D3-4415-BA1D-B8CBDA659A42}.Debug|Any CPU.ActiveCfg = Debug|Any CPU
		{ADB2B56B-09D3-4415-BA1D-B8CBDA659A42}.Debug|Any CPU.Build.0 = Debug|Any CPU
		{ADB2B56B-09D3-4415-BA1D-B8CBDA659A42}.Debug|ARM.ActiveCfg = Debug|Any CPU
		{ADB2B56B-09D3-4415-BA1D-B8CBDA659A42}.Debug|ARM.Build.0 = Debug|Any CPU
		{ADB2B56B-09D3-4415-BA1D-B8CBDA659A42}.Debug|x64.ActiveCfg = Debug|Any CPU
		{ADB2B56B-09D3-4415-BA1D-B8CBDA659A42}.Debug|x64.Build.0 = Debug|Any CPU
		{ADB2B56B-09D3-4415-BA1D-B8CBDA659A42}.Debug|x86.ActiveCfg = Debug|Any CPU
		{ADB2B56B-09D3-4415-BA1D-B8CBDA659A42}.Debug|x86.Build.0 = Debug|Any CPU
		{ADB2B56B-09D3-4415-BA1D-B8CBDA659A42}.Release|Any CPU.ActiveCfg = Release|Any CPU
		{ADB2B56B-09D3-4415-BA1D-B8CBDA659A42}.Release|Any CPU.Build.0 = Release|Any CPU
		{ADB2B56B-09D3-4415-BA1D-B8CBDA659A42}.Release|ARM.ActiveCfg = Release|Any CPU
		{ADB2B56B-09D3-4415-BA1D-B8CBDA659A42}.Release|ARM.Build.0 = Release|Any CPU
		{ADB2B56B-09D3-4415-BA1D-B8CBDA659A42}.Release|x64.ActiveCfg = Release|Any CPU
		{ADB2B56B-09D3-4415-BA1D-B8CBDA659A42}.Release|x64.Build.0 = Release|Any CPU
		{ADB2B56B-09D3-4415-BA1D-B8CBDA659A42}.Release|x86.ActiveCfg = Release|Any CPU
		{ADB2B56B-09D3-4415-BA1D-B8CBDA659A42}.Release|x86.Build.0 = Release|Any CPU
		{EE778747-7E11-4251-A17D-57DD13B94270}.Debug|Any CPU.ActiveCfg = Debug|Any CPU
		{EE778747-7E11-4251-A17D-57DD13B94270}.Debug|Any CPU.Build.0 = Debug|Any CPU
		{EE778747-7E11-4251-A17D-57DD13B94270}.Debug|ARM.ActiveCfg = Debug|Any CPU
		{EE778747-7E11-4251-A17D-57DD13B94270}.Debug|ARM.Build.0 = Debug|Any CPU
		{EE778747-7E11-4251-A17D-57DD13B94270}.Debug|x64.ActiveCfg = Debug|Any CPU
		{EE778747-7E11-4251-A17D-57DD13B94270}.Debug|x64.Build.0 = Debug|Any CPU
		{EE778747-7E11-4251-A17D-57DD13B94270}.Debug|x86.ActiveCfg = Debug|Any CPU
		{EE778747-7E11-4251-A17D-57DD13B94270}.Debug|x86.Build.0 = Debug|Any CPU
		{EE778747-7E11-4251-A17D-57DD13B94270}.Release|Any CPU.ActiveCfg = Release|Any CPU
		{EE778747-7E11-4251-A17D-57DD13B94270}.Release|Any CPU.Build.0 = Release|Any CPU
		{EE778747-7E11-4251-A17D-57DD13B94270}.Release|ARM.ActiveCfg = Release|Any CPU
		{EE778747-7E11-4251-A17D-57DD13B94270}.Release|ARM.Build.0 = Release|Any CPU
		{EE778747-7E11-4251-A17D-57DD13B94270}.Release|x64.ActiveCfg = Release|Any CPU
		{EE778747-7E11-4251-A17D-57DD13B94270}.Release|x64.Build.0 = Release|Any CPU
		{EE778747-7E11-4251-A17D-57DD13B94270}.Release|x86.ActiveCfg = Release|Any CPU
		{EE778747-7E11-4251-A17D-57DD13B94270}.Release|x86.Build.0 = Release|Any CPU
		{356F3A4B-2177-479B-9531-F2F76BDBFA3B}.Debug|Any CPU.ActiveCfg = Debug|Any CPU
		{356F3A4B-2177-479B-9531-F2F76BDBFA3B}.Debug|Any CPU.Build.0 = Debug|Any CPU
		{356F3A4B-2177-479B-9531-F2F76BDBFA3B}.Debug|ARM.ActiveCfg = Debug|Any CPU
		{356F3A4B-2177-479B-9531-F2F76BDBFA3B}.Debug|ARM.Build.0 = Debug|Any CPU
		{356F3A4B-2177-479B-9531-F2F76BDBFA3B}.Debug|x64.ActiveCfg = Debug|Any CPU
		{356F3A4B-2177-479B-9531-F2F76BDBFA3B}.Debug|x64.Build.0 = Debug|Any CPU
		{356F3A4B-2177-479B-9531-F2F76BDBFA3B}.Debug|x86.ActiveCfg = Debug|Any CPU
		{356F3A4B-2177-479B-9531-F2F76BDBFA3B}.Debug|x86.Build.0 = Debug|Any CPU
		{356F3A4B-2177-479B-9531-F2F76BDBFA3B}.Release|Any CPU.ActiveCfg = Release|Any CPU
		{356F3A4B-2177-479B-9531-F2F76BDBFA3B}.Release|Any CPU.Build.0 = Release|Any CPU
		{356F3A4B-2177-479B-9531-F2F76BDBFA3B}.Release|ARM.ActiveCfg = Release|Any CPU
		{356F3A4B-2177-479B-9531-F2F76BDBFA3B}.Release|ARM.Build.0 = Release|Any CPU
		{356F3A4B-2177-479B-9531-F2F76BDBFA3B}.Release|x64.ActiveCfg = Release|Any CPU
		{356F3A4B-2177-479B-9531-F2F76BDBFA3B}.Release|x64.Build.0 = Release|Any CPU
		{356F3A4B-2177-479B-9531-F2F76BDBFA3B}.Release|x86.ActiveCfg = Release|Any CPU
		{356F3A4B-2177-479B-9531-F2F76BDBFA3B}.Release|x86.Build.0 = Release|Any CPU
		{848D0C48-22BE-4555-8DA5-282CB87E9BD0}.Debug|Any CPU.ActiveCfg = Debug|Any CPU
		{848D0C48-22BE-4555-8DA5-282CB87E9BD0}.Debug|Any CPU.Build.0 = Debug|Any CPU
		{848D0C48-22BE-4555-8DA5-282CB87E9BD0}.Debug|ARM.ActiveCfg = Debug|Any CPU
		{848D0C48-22BE-4555-8DA5-282CB87E9BD0}.Debug|ARM.Build.0 = Debug|Any CPU
		{848D0C48-22BE-4555-8DA5-282CB87E9BD0}.Debug|x64.ActiveCfg = Debug|Any CPU
		{848D0C48-22BE-4555-8DA5-282CB87E9BD0}.Debug|x64.Build.0 = Debug|Any CPU
		{848D0C48-22BE-4555-8DA5-282CB87E9BD0}.Debug|x86.ActiveCfg = Debug|Any CPU
		{848D0C48-22BE-4555-8DA5-282CB87E9BD0}.Debug|x86.Build.0 = Debug|Any CPU
		{848D0C48-22BE-4555-8DA5-282CB87E9BD0}.Release|Any CPU.ActiveCfg = Release|Any CPU
		{848D0C48-22BE-4555-8DA5-282CB87E9BD0}.Release|Any CPU.Build.0 = Release|Any CPU
		{848D0C48-22BE-4555-8DA5-282CB87E9BD0}.Release|ARM.ActiveCfg = Release|Any CPU
		{848D0C48-22BE-4555-8DA5-282CB87E9BD0}.Release|ARM.Build.0 = Release|Any CPU
		{848D0C48-22BE-4555-8DA5-282CB87E9BD0}.Release|x64.ActiveCfg = Release|Any CPU
		{848D0C48-22BE-4555-8DA5-282CB87E9BD0}.Release|x64.Build.0 = Release|Any CPU
		{848D0C48-22BE-4555-8DA5-282CB87E9BD0}.Release|x86.ActiveCfg = Release|Any CPU
		{848D0C48-22BE-4555-8DA5-282CB87E9BD0}.Release|x86.Build.0 = Release|Any CPU
		{FCEC9C55-9E6E-410D-A2AC-0ADA4979AE2F}.Debug|Any CPU.ActiveCfg = Debug|Any CPU
		{FCEC9C55-9E6E-410D-A2AC-0ADA4979AE2F}.Debug|Any CPU.Build.0 = Debug|Any CPU
		{FCEC9C55-9E6E-410D-A2AC-0ADA4979AE2F}.Debug|ARM.ActiveCfg = Debug|Any CPU
		{FCEC9C55-9E6E-410D-A2AC-0ADA4979AE2F}.Debug|ARM.Build.0 = Debug|Any CPU
		{FCEC9C55-9E6E-410D-A2AC-0ADA4979AE2F}.Debug|x64.ActiveCfg = Debug|Any CPU
		{FCEC9C55-9E6E-410D-A2AC-0ADA4979AE2F}.Debug|x64.Build.0 = Debug|Any CPU
		{FCEC9C55-9E6E-410D-A2AC-0ADA4979AE2F}.Debug|x86.ActiveCfg = Debug|Any CPU
		{FCEC9C55-9E6E-410D-A2AC-0ADA4979AE2F}.Debug|x86.Build.0 = Debug|Any CPU
		{FCEC9C55-9E6E-410D-A2AC-0ADA4979AE2F}.Release|Any CPU.ActiveCfg = Release|Any CPU
		{FCEC9C55-9E6E-410D-A2AC-0ADA4979AE2F}.Release|Any CPU.Build.0 = Release|Any CPU
		{FCEC9C55-9E6E-410D-A2AC-0ADA4979AE2F}.Release|ARM.ActiveCfg = Release|Any CPU
		{FCEC9C55-9E6E-410D-A2AC-0ADA4979AE2F}.Release|ARM.Build.0 = Release|Any CPU
		{FCEC9C55-9E6E-410D-A2AC-0ADA4979AE2F}.Release|x64.ActiveCfg = Release|Any CPU
		{FCEC9C55-9E6E-410D-A2AC-0ADA4979AE2F}.Release|x64.Build.0 = Release|Any CPU
		{FCEC9C55-9E6E-410D-A2AC-0ADA4979AE2F}.Release|x86.ActiveCfg = Release|Any CPU
		{FCEC9C55-9E6E-410D-A2AC-0ADA4979AE2F}.Release|x86.Build.0 = Release|Any CPU
		{9F0BBCE3-D893-43A4-9FB8-10A2B9E337C5}.Debug|Any CPU.ActiveCfg = Debug|Any CPU
		{9F0BBCE3-D893-43A4-9FB8-10A2B9E337C5}.Debug|Any CPU.Build.0 = Debug|Any CPU
		{9F0BBCE3-D893-43A4-9FB8-10A2B9E337C5}.Debug|Any CPU.Deploy.0 = Debug|Any CPU
		{9F0BBCE3-D893-43A4-9FB8-10A2B9E337C5}.Debug|ARM.ActiveCfg = Debug|Any CPU
		{9F0BBCE3-D893-43A4-9FB8-10A2B9E337C5}.Debug|ARM.Build.0 = Debug|Any CPU
		{9F0BBCE3-D893-43A4-9FB8-10A2B9E337C5}.Debug|ARM.Deploy.0 = Debug|Any CPU
		{9F0BBCE3-D893-43A4-9FB8-10A2B9E337C5}.Debug|x64.ActiveCfg = Debug|Any CPU
		{9F0BBCE3-D893-43A4-9FB8-10A2B9E337C5}.Debug|x64.Build.0 = Debug|Any CPU
		{9F0BBCE3-D893-43A4-9FB8-10A2B9E337C5}.Debug|x64.Deploy.0 = Debug|Any CPU
		{9F0BBCE3-D893-43A4-9FB8-10A2B9E337C5}.Debug|x86.ActiveCfg = Debug|Any CPU
		{9F0BBCE3-D893-43A4-9FB8-10A2B9E337C5}.Debug|x86.Build.0 = Debug|Any CPU
		{9F0BBCE3-D893-43A4-9FB8-10A2B9E337C5}.Debug|x86.Deploy.0 = Debug|Any CPU
		{9F0BBCE3-D893-43A4-9FB8-10A2B9E337C5}.Release|Any CPU.ActiveCfg = Release|Any CPU
		{9F0BBCE3-D893-43A4-9FB8-10A2B9E337C5}.Release|Any CPU.Build.0 = Release|Any CPU
		{9F0BBCE3-D893-43A4-9FB8-10A2B9E337C5}.Release|Any CPU.Deploy.0 = Release|Any CPU
		{9F0BBCE3-D893-43A4-9FB8-10A2B9E337C5}.Release|ARM.ActiveCfg = Release|Any CPU
		{9F0BBCE3-D893-43A4-9FB8-10A2B9E337C5}.Release|ARM.Build.0 = Release|Any CPU
		{9F0BBCE3-D893-43A4-9FB8-10A2B9E337C5}.Release|ARM.Deploy.0 = Release|Any CPU
		{9F0BBCE3-D893-43A4-9FB8-10A2B9E337C5}.Release|x64.ActiveCfg = Release|Any CPU
		{9F0BBCE3-D893-43A4-9FB8-10A2B9E337C5}.Release|x64.Build.0 = Release|Any CPU
		{9F0BBCE3-D893-43A4-9FB8-10A2B9E337C5}.Release|x64.Deploy.0 = Release|Any CPU
		{9F0BBCE3-D893-43A4-9FB8-10A2B9E337C5}.Release|x86.ActiveCfg = Release|Any CPU
		{9F0BBCE3-D893-43A4-9FB8-10A2B9E337C5}.Release|x86.Build.0 = Release|Any CPU
		{9F0BBCE3-D893-43A4-9FB8-10A2B9E337C5}.Release|x86.Deploy.0 = Release|Any CPU
		{EF1B5A74-5868-4560-87CE-A2824BEA5B0B}.Debug|Any CPU.ActiveCfg = Debug|Any CPU
		{EF1B5A74-5868-4560-87CE-A2824BEA5B0B}.Debug|Any CPU.Build.0 = Debug|Any CPU
		{EF1B5A74-5868-4560-87CE-A2824BEA5B0B}.Debug|ARM.ActiveCfg = Debug|Any CPU
		{EF1B5A74-5868-4560-87CE-A2824BEA5B0B}.Debug|ARM.Build.0 = Debug|Any CPU
		{EF1B5A74-5868-4560-87CE-A2824BEA5B0B}.Debug|x64.ActiveCfg = Debug|Any CPU
		{EF1B5A74-5868-4560-87CE-A2824BEA5B0B}.Debug|x64.Build.0 = Debug|Any CPU
		{EF1B5A74-5868-4560-87CE-A2824BEA5B0B}.Debug|x86.ActiveCfg = Debug|Any CPU
		{EF1B5A74-5868-4560-87CE-A2824BEA5B0B}.Debug|x86.Build.0 = Debug|Any CPU
		{EF1B5A74-5868-4560-87CE-A2824BEA5B0B}.Release|Any CPU.ActiveCfg = Release|Any CPU
		{EF1B5A74-5868-4560-87CE-A2824BEA5B0B}.Release|Any CPU.Build.0 = Release|Any CPU
		{EF1B5A74-5868-4560-87CE-A2824BEA5B0B}.Release|ARM.ActiveCfg = Release|Any CPU
		{EF1B5A74-5868-4560-87CE-A2824BEA5B0B}.Release|ARM.Build.0 = Release|Any CPU
		{EF1B5A74-5868-4560-87CE-A2824BEA5B0B}.Release|x64.ActiveCfg = Release|Any CPU
		{EF1B5A74-5868-4560-87CE-A2824BEA5B0B}.Release|x64.Build.0 = Release|Any CPU
		{EF1B5A74-5868-4560-87CE-A2824BEA5B0B}.Release|x86.ActiveCfg = Release|Any CPU
		{EF1B5A74-5868-4560-87CE-A2824BEA5B0B}.Release|x86.Build.0 = Release|Any CPU
	EndGlobalSection
	GlobalSection(SolutionProperties) = preSolution
		HideSolutionNode = FALSE
	EndGlobalSection
	GlobalSection(ExtensibilityGlobals) = postSolution
		SolutionGuid = {B571CBA1-EA65-4FF5-973B-03FACB668D64}
	EndGlobalSection
EndGlobal
